
Microsoft Visual Studio Solution File, Format Version 12.00
# Visual Studio Version 16
VisualStudioVersion = 16.0.30907.101
MinimumVisualStudioVersion = 10.0.40219.1
Project("{FAE04EC0-301F-11D3-BF4B-00C04F79EFBC}") = "LiteDBTests", "LiteDBTests\LiteDBTests.csproj", "{26568140-C0B2-41A2-990A-10140D04BE6A}"
EndProject
Global
	GlobalSection(SolutionConfigurationPlatforms) = preSolution
		Debug|Any CPU = Debug|Any CPU
		Release|Any CPU = Release|Any CPU
	EndGlobalSection
	GlobalSection(ProjectConfigurationPlatforms) = postSolution
		{26568140-C0B2-41A2-990A-10140D04BE6A}.Debug|Any CPU.ActiveCfg = Debug|Any CPU
		{26568140-C0B2-41A2-990A-10140D04BE6A}.Debug|Any CPU.Build.0 = Debug|Any CPU
		{26568140-C0B2-41A2-990A-10140D04BE6A}.Release|Any CPU.ActiveCfg = Release|Any CPU
		{26568140-C0B2-41A2-990A-10140D04BE6A}.Release|Any CPU.Build.0 = Release|Any CPU
	EndGlobalSection
	GlobalSection(SolutionProperties) = preSolution
		HideSolutionNode = FALSE
	EndGlobalSection
	GlobalSection(ExtensibilityGlobals) = postSolution
		SolutionGuid = {A96BB60B-3719-4720-95C0-74682D76ACDE}
	EndGlobalSection
EndGlobal
